
Microsoft Visual Studio Solution File, Format Version 12.00
# Visual Studio Version 16
VisualStudioVersion = 16.0.31025.194
MinimumVisualStudioVersion = 10.0.40219.1
Project("{FAE04EC0-301F-11D3-BF4B-00C04F79EFBC}") = "CarWebAPI", "CarWebAPI\CarWebAPI.csproj", "{435A98C3-3CCB-446E-9D53-10D5D229751A}"
EndProject
Global
	GlobalSection(SolutionConfigurationPlatforms) = preSolution
		Debug|Any CPU = Debug|Any CPU
		Release|Any CPU = Release|Any CPU
	EndGlobalSection
	GlobalSection(ProjectConfigurationPlatforms) = postSolution
		{435A98C3-3CCB-446E-9D53-10D5D229751A}.Debug|Any CPU.ActiveCfg = Debug|Any CPU
		{435A98C3-3CCB-446E-9D53-10D5D229751A}.Debug|Any CPU.Build.0 = Debug|Any CPU
		{435A98C3-3CCB-446E-9D53-10D5D229751A}.Release|Any CPU.ActiveCfg = Release|Any CPU
		{435A98C3-3CCB-446E-9D53-10D5D229751A}.Release|Any CPU.Build.0 = Release|Any CPU
	EndGlobalSection
	GlobalSection(SolutionProperties) = preSolution
		HideSolutionNode = FALSE
	EndGlobalSection
	GlobalSection(ExtensibilityGlobals) = postSolution
		SolutionGuid = {008418E5-5C7B-436A-B361-44A1ACE80200}
	EndGlobalSection
EndGlobal
